
Microsoft Visual Studio Solution File, Format Version 12.00
# Visual Studio Version 17
VisualStudioVersion = 17.0.31903.59
MinimumVisualStudioVersion = 10.0.40219.1
Project("{8BC9CEB8-8B4A-11D0-8D11-00A0C91BC942}") = "RLDetect", "RLDetect.vcxproj", "{B2D0E50C-7A1E-4D54-95C9-DBA0C41D1E8B}"
EndProject
Global
	GlobalSection(SolutionConfigurationPlatforms) = preSolution
		Debug|x64 = Debug|x64
		Release|x64 = Release|x64
	EndGlobalSection
	GlobalSection(ProjectConfigurationPlatforms) = postSolution
		{B2D0E50C-7A1E-4D54-95C9-DBA0C41D1E8B}.Debug|x64.ActiveCfg = Debug|x64
		{B2D0E50C-7A1E-4D54-95C9-DBA0C41D1E8B}.Debug|x64.Build.0 = Debug|x64
		{B2D0E50C-7A1E-4D54-95C9-DBA0C41D1E8B}.Release|x64.ActiveCfg = Release|x64
		{B2D0E50C-7A1E-4D54-95C9-DBA0C41D1E8B}.Release|x64.Build.0 = Release|x64
	EndGlobalSection
EndGlobal
